
Microsoft Visual Studio Solution File, Format Version 12.00
# Visual Studio 2012
Project("{FAE04EC0-301F-11D3-BF4B-00C04F79EFBC}") = "ErrorIntro", "ErrorIntro\ErrorIntro.csproj", "{25B740E1-F98B-4FC5-A9F3-F3AA5932C0B4}"
EndProject
Project("{FAE04EC0-301F-11D3-BF4B-00C04F79EFBC}") = "UserDeffinedException", "UserDeffinedException\UserDeffinedException.csproj", "{673E943B-BC9E-4D2F-B78A-98EEDF878141}"
EndProject
Global
	GlobalSection(SolutionConfigurationPlatforms) = preSolution
		Debug|Any CPU = Debug|Any CPU
		Release|Any CPU = Release|Any CPU
	EndGlobalSection
	GlobalSection(ProjectConfigurationPlatforms) = postSolution
		{25B740E1-F98B-4FC5-A9F3-F3AA5932C0B4}.Debug|Any CPU.ActiveCfg = Debug|Any CPU
		{25B740E1-F98B-4FC5-A9F3-F3AA5932C0B4}.Debug|Any CPU.Build.0 = Debug|Any CPU
		{25B740E1-F98B-4FC5-A9F3-F3AA5932C0B4}.Release|Any CPU.ActiveCfg = Release|Any CPU
		{25B740E1-F98B-4FC5-A9F3-F3AA5932C0B4}.Release|Any CPU.Build.0 = Release|Any CPU
		{673E943B-BC9E-4D2F-B78A-98EEDF878141}.Debug|Any CPU.ActiveCfg = Debug|Any CPU
		{673E943B-BC9E-4D2F-B78A-98EEDF878141}.Debug|Any CPU.Build.0 = Debug|Any CPU
		{673E943B-BC9E-4D2F-B78A-98EEDF878141}.Release|Any CPU.ActiveCfg = Release|Any CPU
		{673E943B-BC9E-4D2F-B78A-98EEDF878141}.Release|Any CPU.Build.0 = Release|Any CPU
	EndGlobalSection
	GlobalSection(SolutionProperties) = preSolution
		HideSolutionNode = FALSE
	EndGlobalSection
EndGlobal
