
Microsoft Visual Studio Solution File, Format Version 12.00
# Visual Studio 2012
Project("{FAE04EC0-301F-11D3-BF4B-00C04F79EFBC}") = "FileIntro", "FileIntro\FileIntro.csproj", "{6E865A5D-533A-4A00-8926-F86E968C937C}"
EndProject
Global
	GlobalSection(SolutionConfigurationPlatforms) = preSolution
		Debug|Any CPU = Debug|Any CPU
		Release|Any CPU = Release|Any CPU
	EndGlobalSection
	GlobalSection(ProjectConfigurationPlatforms) = postSolution
		{6E865A5D-533A-4A00-8926-F86E968C937C}.Debug|Any CPU.ActiveCfg = Debug|Any CPU
		{6E865A5D-533A-4A00-8926-F86E968C937C}.Debug|Any CPU.Build.0 = Debug|Any CPU
		{6E865A5D-533A-4A00-8926-F86E968C937C}.Release|Any CPU.ActiveCfg = Release|Any CPU
		{6E865A5D-533A-4A00-8926-F86E968C937C}.Release|Any CPU.Build.0 = Release|Any CPU
	EndGlobalSection
	GlobalSection(SolutionProperties) = preSolution
		HideSolutionNode = FALSE
	EndGlobalSection
EndGlobal
