
Microsoft Visual Studio Solution File, Format Version 12.00
# Visual Studio 2012
Project("{FAE04EC0-301F-11D3-BF4B-00C04F79EFBC}") = "StaticPolymorphism", "StaticPolymorphism\StaticPolymorphism.csproj", "{F9A61404-FBB8-496C-A10C-E1A2C6033D06}"
EndProject
Project("{FAE04EC0-301F-11D3-BF4B-00C04F79EFBC}") = "DynamicPolymorphism", "DynamicPolymorphism\DynamicPolymorphism.csproj", "{B7A5D69E-27EC-49A0-9E70-A59B3BF18BAB}"
EndProject
Global
	GlobalSection(SolutionConfigurationPlatforms) = preSolution
		Debug|Any CPU = Debug|Any CPU
		Release|Any CPU = Release|Any CPU
	EndGlobalSection
	GlobalSection(ProjectConfigurationPlatforms) = postSolution
		{F9A61404-FBB8-496C-A10C-E1A2C6033D06}.Debug|Any CPU.ActiveCfg = Debug|Any CPU
		{F9A61404-FBB8-496C-A10C-E1A2C6033D06}.Debug|Any CPU.Build.0 = Debug|Any CPU
		{F9A61404-FBB8-496C-A10C-E1A2C6033D06}.Release|Any CPU.ActiveCfg = Release|Any CPU
		{F9A61404-FBB8-496C-A10C-E1A2C6033D06}.Release|Any CPU.Build.0 = Release|Any CPU
		{B7A5D69E-27EC-49A0-9E70-A59B3BF18BAB}.Debug|Any CPU.ActiveCfg = Debug|Any CPU
		{B7A5D69E-27EC-49A0-9E70-A59B3BF18BAB}.Debug|Any CPU.Build.0 = Debug|Any CPU
		{B7A5D69E-27EC-49A0-9E70-A59B3BF18BAB}.Release|Any CPU.ActiveCfg = Release|Any CPU
		{B7A5D69E-27EC-49A0-9E70-A59B3BF18BAB}.Release|Any CPU.Build.0 = Release|Any CPU
	EndGlobalSection
	GlobalSection(SolutionProperties) = preSolution
		HideSolutionNode = FALSE
	EndGlobalSection
EndGlobal
